// !$*UTF8*$!
{
	archiveVersion = 1;
	classes = {
	};
	objectVersion = 46;
	objects = {

/* Begin PBXBuildFile section */
		65A30DAA1D71FC1D00C391AD /* AppDelegate.swift in Sources */ = {isa = PBXBuildFile; fileRef = 65A30DA91D71FC1D00C391AD /* AppDelegate.swift */; };
		65A30DAC1D71FC1D00C391AD /* ViewController.swift in Sources */ = {isa = PBXBuildFile; fileRef = 65A30DAB1D71FC1D00C391AD /* ViewController.swift */; };
		65A30DAF1D71FC1D00C391AD /* Main.storyboard in Resources */ = {isa = PBXBuildFile; fileRef = 65A30DAD1D71FC1D00C391AD /* Main.storyboard */; };
		65A30DB11D71FC1D00C391AD /* Assets.xcassets in Resources */ = {isa = PBXBuildFile; fileRef = 65A30DB01D71FC1D00C391AD /* Assets.xcassets */; };
		65A30DB41D71FC1D00C391AD /* LaunchScreen.storyboard in Resources */ = {isa = PBXBuildFile; fileRef = 65A30DB21D71FC1D00C391AD /* LaunchScreen.storyboard */; };
/* End PBXBuildFile section */

/* Begin PBXFileReference section */
		65A30DA61D71FC1D00C391AD /* Mastermind.app */ = {isa = PBXFileReference; explicitFileType = wrapper.application; includeInIndex = 0; path = Mastermind.app; sourceTree = BUILT_PRODUCTS_DIR; };
		65A30DA91D71FC1D00C391AD /* AppDelegate.swift */ = {isa = PBXFileReference; lastKnownFileType = sourcecode.swift; path = AppDelegate.swift; sourceTree = "<group>"; };
		65A30DAB1D71FC1D00C391AD /* ViewController.swift */ = {isa = PBXFileReference; lastKnownFileType = sourcecode.swift; path = ViewController.swift; sourceTree = "<group>"; };
		65A30DAE1D71FC1D00C391AD /* Base */ = {isa = PBXFileReference; lastKnownFileType = file.storyboard; name = Base; path = Base.lproj/Main.storyboard; sourceTree = "<group>"; };
		65A30DB01D71FC1D00C391AD /* Assets.xcassets */ = {isa = PBXFileReference; lastKnownFileType = folder.assetcatalog; path = Assets.xcassets; sourceTree = "<group>"; };
		65A30DB31D71FC1D00C391AD /* Base */ = {isa = PBXFileReference; lastKnownFileType = file.storyboard; name = Base; path = Base.lproj/LaunchScreen.storyboard; sourceTree = "<group>"; };
		65A30DB51D71FC1D00C391AD /* Info.plist */ = {isa = PBXFileReference; lastKnownFileType = text.plist.xml; path = Info.plist; sourceTree = "<group>"; };
/* End PBXFileReference section */

/* Begin PBXFrameworksBuildPhase section */
		65A30DA31D71FC1D00C391AD /* Frameworks */ = {
			isa = PBXFrameworksBuildPhase;
			buildActionMask = 2147483647;
			files = (
			);
			runOnlyForDeploymentPostprocessing = 0;
		};
/* End PBXFrameworksBuildPhase section */

/* Begin PBXGroup section */
		65A30D9D1D71FC1D00C391AD = {
			isa = PBXGroup;
			children = (
				65A30DA81D71FC1D00C391AD /* Mastermind */,
				65A30DA71D71FC1D00C391AD /* Products */,
			);
			sourceTree = "<group>";
		};
		65A30DA71D71FC1D00C391AD /* Products */ = {
			isa = PBXGroup;
			children = (
				65A30DA61D71FC1D00C391AD /* Mastermind.app */,
			);
			name = Products;
			sourceTree = "<group>";
		};
		65A30DA81D71FC1D00C391AD /* Mastermind */ = {
			isa = PBXGroup;
			children = (
				65A30DA91D71FC1D00C391AD /* AppDelegate.swift */,
				65A30DAB1D71FC1D00C391AD /* ViewController.swift */,
				65A30DAD1D71FC1D00C391AD /* Main.storyboard */,
				65A30DB01D71FC1D00C391AD /* Assets.xcassets */,
				65A30DB21D71FC1D00C391AD /* LaunchScreen.storyboard */,
				65A30DB51D71FC1D00C391AD /* Info.plist */,
			);
			path = Mastermind;
			sourceTree = "<group>";
		};
/* End PBXGroup section */

/* Begin PBXNativeTarget section */
		65A30DA51D71FC1D00C391AD /* Mastermind */ = {
			isa = PBXNativeTarget;
			buildConfigurationList = 65A30DB81D71FC1D00C391AD /* Build configuration list for PBXNativeTarget "Mastermind" */;
			buildPhases = (
				65A30DA21D71FC1D00C391AD /* Sources */,
				65A30DA31D71FC1D00C391AD /* Frameworks */,
				65A30DA41D71FC1D00C391AD /* Resources */,
			);
			buildRules = (
			);
			dependencies = (
			);
			name = Mastermind;
			productName = Mastermind;
			productReference = 65A30DA61D71FC1D00C391AD /* Mastermind.app */;
			productType = "com.apple.product-type.application";
		};
/* End PBXNativeTarget section */

/* Begin PBXProject section */
		65A30D9E1D71FC1D00C391AD /* Project object */ = {
			isa = PBXProject;
			attributes = {
				LastSwiftUpdateCheck = 0730;
				LastUpgradeCheck = 0730;
				ORGANIZATIONNAME = "Chester Lam";
				TargetAttributes = {
					65A30DA51D71FC1D00C391AD = {
						CreatedOnToolsVersion = 7.3.1;
					};
				};
			};
			buildConfigurationList = 65A30DA11D71FC1D00C391AD /* Build configuration list for PBXProject "Mastermind" */;
			compatibilityVersion = "Xcode 3.2";
			developmentRegion = English;
			hasScannedForEncodings = 0;
			knownRegions = (
				en,
				Base,
			);
			mainGroup = 65A30D9D1D71FC1D00C391AD;
			productRefGroup = 65A30DA71D71FC1D00C391AD /* Products */;
			projectDirPath = "";
			projectRoot = "";
			targets = (
				65A30DA51D71FC1D00C391AD /* Mastermind */,
			);
		};
/* End PBXProject section */

/* Begin PBXResourcesBuildPhase section */
		65A30DA41D71FC1D00C391AD /* Resources */ = {
			isa = PBXResourcesBuildPhase;
			buildActionMask = 2147483647;
			files = (
				65A30DB41D71FC1D00C391AD /* LaunchScreen.storyboard in Resources */,
				65A30DB11D71FC1D00C391AD /* Assets.xcassets in Resources */,
				65A30DAF1D71FC1D00C391AD /* Main.storyboard in Resources */,
			);
			runOnlyForDeploymentPostprocessing = 0;
		};
/* End PBXResourcesBuildPhase section */

/* Begin PBXSourcesBuildPhase section */
		65A30DA21D71FC1D00C391AD /* Sources */ = {
			isa = PBXSourcesBuildPhase;
			buildActionMask = 2147483647;
			files = (
				65A30DAC1D71FC1D00C391AD /* ViewController.swift in Sources */,
				65A30DAA1D71FC1D00C391AD /* AppDelegate.swift in Sources */,
			);
			runOnlyForDeploymentPostprocessing = 0;
		};
/* End PBXSourcesBuildPhase section */

/* Begin PBXVariantGroup section */
		65A30DAD1D71FC1D00C391AD /* Main.storyboard */ = {
			isa = PBXVariantGroup;
			children = (
				65A30DAE1D71FC1D00C391AD /* Base */,
			);
			name = Main.storyboard;
			sourceTree = "<group>";
		};
		65A30DB21D71FC1D00C391AD /* LaunchScreen.storyboard */ = {
			isa = PBXVariantGroup;
			children = (
				65A30DB31D71FC1D00C391AD /* Base */,
			);
			name = LaunchScreen.storyboard;
			sourceTree = "<group>";
		};
/* End PBXVariantGroup section */

/* Begin XCBuildConfiguration section */
		65A30DB61D71FC1D00C391AD /* Debug */ = {
			isa = XCBuildConfiguration;
			buildSettings = {
				ALWAYS_SEARCH_USER_PATHS = NO;
				CLANG_ANALYZER_NONNULL = YES;
				CLANG_CXX_LANGUAGE_STANDARD = "gnu++0x";
				CLANG_CXX_LIBRARY = "libc++";
				CLANG_ENABLE_MODULES = YES;
				CLANG_ENABLE_OBJC_ARC = YES;
				CLANG_WARN_BOOL_CONVERSION = YES;
				CLANG_WARN_CONSTANT_CONVERSION = YES;
				CLANG_WARN_DIRECT_OBJC_ISA_USAGE = YES_ERROR;
				CLANG_WARN_EMPTY_BODY = YES;
				CLANG_WARN_ENUM_CONVERSION = YES;
				CLANG_WARN_INT_CONVERSION = YES;
				CLANG_WARN_OBJC_ROOT_CLASS = YES_ERROR;
				CLANG_WARN_UNREACHABLE_CODE = YES;
				CLANG_WARN__DUPLICATE_METHOD_MATCH = YES;
				"CODE_SIGN_IDENTITY[sdk=iphoneos*]" = "iPhone Developer";
				COPY_PHASE_STRIP = NO;
				DEBUG_INFORMATION_FORMAT = dwarf;
				ENABLE_STRICT_OBJC_MSGSEND = YES;
				ENABLE_TESTABILITY = YES;
				GCC_C_LANGUAGE_STANDARD = gnu99;
				GCC_DYNAMIC_NO_PIC = NO;
				GCC_NO_COMMON_BLOCKS = YES;
				GCC_OPTIMIZATION_LEVEL = 0;
				GCC_PREPROCESSOR_DEFINITIONS = (
					"DEBUG=1",
					"$(inherited)",
				);
				GCC_WARN_64_TO_32_BIT_CONVERSION = YES;
				GCC_WARN_ABOUT_RETURN_TYPE = YES_ERROR;
				GCC_WARN_UNDECLARED_SELECTOR = YES;
				GCC_WARN_UNINITIALIZED_AUTOS = YES_AGGRESSIVE;
				GCC_WARN_UNUSED_FUNCTION = YES;
				GCC_WARN_UNUSED_VARIABLE = YES;
				IPHONEOS_DEPLOYMENT_TARGET = 9.3;
				MTL_ENABLE_DEBUG_INFO = YES;
				ONLY_ACTIVE_ARCH = YES;
				SDKROOT = iphoneos;
				SWIFT_OPTIMIZATION_LEVEL = "-Onone";
			};
			name = Debug;
		};
		65A30DB71D71FC1D00C391AD /* Release */ = {
			isa = XCBuildConfiguration;
			buildSettings = {
				ALWAYS_SEARCH_USER_PATHS = NO;
				CLANG_ANALYZER_NONNULL = YES;
				CLANG_CXX_LANGUAGE_STANDARD = "gnu++0x";
				CLANG_CXX_LIBRARY = "libc++";
				CLANG_ENABLE_MODULES = YES;
				CLANG_ENABLE_OBJC_ARC = YES;
				CLANG_WARN_BOOL_CONVERSION = YES;
				CLANG_WARN_CONSTANT_CONVERSION = YES;
				CLANG_WARN_DIRECT_OBJC_ISA_USAGE = YES_ERROR;
				CLANG_WARN_EMPTY_BODY = YES;
				CLANG_WARN_ENUM_CONVERSION = YES;
				CLANG_WARN_INT_CONVERSION = YES;
				CLANG_WARN_OBJC_ROOT_CLASS = YES_ERROR;
				CLANG_WARN_UNREACHABLE_CODE = YES;
				CLANG_WARN__DUPLICATE_METHOD_MATCH = YES;
				"CODE_SIGN_IDENTITY[sdk=iphoneos*]" = "iPhone Developer";
				COPY_PHASE_STRIP = NO;
				DEBUG_INFORMATION_FORMAT = "dwarf-with-dsym";
				ENABLE_NS_ASSERTIONS = NO;
				ENABLE_STRICT_OBJC_MSGSEND = YES;
				GCC_C_LANGUAGE_STANDARD = gnu99;
				GCC_NO_COMMON_BLOCKS = YES;
				GCC_WARN_64_TO_32_BIT_CONVERSION = YES;
				GCC_WARN_ABOUT_RETURN_TYPE = YES_ERROR;
				GCC_WARN_UNDECLARED_SELECTOR = YES;
				GCC_WARN_UNINITIALIZED_AUTOS = YES_AGGRESSIVE;
				GCC_WARN_UNUSED_FUNCTION = YES;
				GCC_WARN_UNUSED_VARIABLE = YES;
				IPHONEOS_DEPLOYMENT_TARGET = 9.3;
				MTL_ENABLE_DEBUG_INFO = NO;
				SDKROOT = iphoneos;
				VALIDATE_PRODUCT = YES;
			};
			name = Release;
		};
		65A30DB91D71FC1D00C391AD /* Debug */ = {
			isa = XCBuildConfiguration;
			buildSettings = {
				ASSETCATALOG_COMPILER_APPICON_NAME = AppIcon;
				INFOPLIST_FILE = Mastermind/Info.plist;
				LD_RUNPATH_SEARCH_PATHS = "$(inherited) @executable_path/Frameworks";
				PRODUCT_BUNDLE_IDENTIFIER = com.cklam.Mastermind;
				PRODUCT_NAME = "$(TARGET_NAME)";
			};
			name = Debug;
		};
		65A30DBA1D71FC1D00C391AD /* Release */ = {
			isa = XCBuildConfiguration;
			buildSettings = {
				ASSETCATALOG_COMPILER_APPICON_NAME = AppIcon;
				INFOPLIST_FILE = Mastermind/Info.plist;
				LD_RUNPATH_SEARCH_PATHS = "$(inherited) @executable_path/Frameworks";
				PRODUCT_BUNDLE_IDENTIFIER = com.cklam.Mastermind;
				PRODUCT_NAME = "$(TARGET_NAME)";
			};
			name = Release;
		};
/* End XCBuildConfiguration section */

/* Begin XCConfigurationList section */
		65A30DA11D71FC1D00C391AD /* Build configuration list for PBXProject "Mastermind" */ = {
			isa = XCConfigurationList;
			buildConfigurations = (
				65A30DB61D71FC1D00C391AD /* Debug */,
				65A30DB71D71FC1D00C391AD /* Release */,
			);
			defaultConfigurationIsVisible = 0;
			defaultConfigurationName = Release;
		};
		65A30DB81D71FC1D00C391AD /* Build configuration list for PBXNativeTarget "Mastermind" */ = {
			isa = XCConfigurationList;
			buildConfigurations = (
				65A30DB91D71FC1D00C391AD /* Debug */,
				65A30DBA1D71FC1D00C391AD /* Release */,
			);
			defaultConfigurationIsVisible = 0;
		};
/* End XCConfigurationList section */
	};
	rootObject = 65A30D9E1D71FC1D00C391AD /* Project object */;
}
